
Microsoft Visual Studio Solution File, Format Version 12.00
# Visual Studio Version 17
VisualStudioVersion = 17.8.34408.163
MinimumVisualStudioVersion = 10.0.40219.1
Project("{FAE04EC0-301F-11D3-BF4B-00C04F79EFBC}") = "Ex18", "Ex18\Ex18.csproj", "{9306C10E-CDD6-4B69-9161-12BA3E702674}"
EndProject
Global
	GlobalSection(SolutionConfigurationPlatforms) = preSolution
		Debug|Any CPU = Debug|Any CPU
		Release|Any CPU = Release|Any CPU
	EndGlobalSection
	GlobalSection(ProjectConfigurationPlatforms) = postSolution
		{9306C10E-CDD6-4B69-9161-12BA3E702674}.Debug|Any CPU.ActiveCfg = Debug|Any CPU
		{9306C10E-CDD6-4B69-9161-12BA3E702674}.Debug|Any CPU.Build.0 = Debug|Any CPU
		{9306C10E-CDD6-4B69-9161-12BA3E702674}.Release|Any CPU.ActiveCfg = Release|Any CPU
		{9306C10E-CDD6-4B69-9161-12BA3E702674}.Release|Any CPU.Build.0 = Release|Any CPU
	EndGlobalSection
	GlobalSection(SolutionProperties) = preSolution
		HideSolutionNode = FALSE
	EndGlobalSection
	GlobalSection(ExtensibilityGlobals) = postSolution
		SolutionGuid = {AFE77197-2C47-4EB7-82A8-B64A28E6823F}
	EndGlobalSection
EndGlobal
