
Microsoft Visual Studio Solution File, Format Version 12.00
# Visual Studio Version 17
VisualStudioVersion = 17.8.34408.163
MinimumVisualStudioVersion = 10.0.40219.1
Project("{FAE04EC0-301F-11D3-BF4B-00C04F79EFBC}") = "Ex13", "Ex13\Ex13.csproj", "{E25C51CD-DE49-4F64-812A-C5397355F53D}"
EndProject
Global
	GlobalSection(SolutionConfigurationPlatforms) = preSolution
		Debug|Any CPU = Debug|Any CPU
		Release|Any CPU = Release|Any CPU
	EndGlobalSection
	GlobalSection(ProjectConfigurationPlatforms) = postSolution
		{E25C51CD-DE49-4F64-812A-C5397355F53D}.Debug|Any CPU.ActiveCfg = Debug|Any CPU
		{E25C51CD-DE49-4F64-812A-C5397355F53D}.Debug|Any CPU.Build.0 = Debug|Any CPU
		{E25C51CD-DE49-4F64-812A-C5397355F53D}.Release|Any CPU.ActiveCfg = Release|Any CPU
		{E25C51CD-DE49-4F64-812A-C5397355F53D}.Release|Any CPU.Build.0 = Release|Any CPU
	EndGlobalSection
	GlobalSection(SolutionProperties) = preSolution
		HideSolutionNode = FALSE
	EndGlobalSection
	GlobalSection(ExtensibilityGlobals) = postSolution
		SolutionGuid = {0BBC1A56-8EAD-4A6B-A8F8-F77EFA744AE0}
	EndGlobalSection
EndGlobal
