
Microsoft Visual Studio Solution File, Format Version 12.00
# Visual Studio Version 17
VisualStudioVersion = 17.8.34408.163
MinimumVisualStudioVersion = 10.0.40219.1
Project("{FAE04EC0-301F-11D3-BF4B-00C04F79EFBC}") = "Ex07", "Ex07\Ex07.csproj", "{AC11E545-3CCD-4534-BFD3-836E7A798318}"
EndProject
Global
	GlobalSection(SolutionConfigurationPlatforms) = preSolution
		Debug|Any CPU = Debug|Any CPU
		Release|Any CPU = Release|Any CPU
	EndGlobalSection
	GlobalSection(ProjectConfigurationPlatforms) = postSolution
		{AC11E545-3CCD-4534-BFD3-836E7A798318}.Debug|Any CPU.ActiveCfg = Debug|Any CPU
		{AC11E545-3CCD-4534-BFD3-836E7A798318}.Debug|Any CPU.Build.0 = Debug|Any CPU
		{AC11E545-3CCD-4534-BFD3-836E7A798318}.Release|Any CPU.ActiveCfg = Release|Any CPU
		{AC11E545-3CCD-4534-BFD3-836E7A798318}.Release|Any CPU.Build.0 = Release|Any CPU
	EndGlobalSection
	GlobalSection(SolutionProperties) = preSolution
		HideSolutionNode = FALSE
	EndGlobalSection
	GlobalSection(ExtensibilityGlobals) = postSolution
		SolutionGuid = {E6E74326-F267-49AA-B97B-DF15F4C197B8}
	EndGlobalSection
EndGlobal
